{
  "version": "5",
  "specifiers": {
    "jsr:@deno/esbuild-plugin@^1.2.0": "1.2.1",
    "jsr:@deno/loader@~0.3.10": "0.3.14",
    "jsr:@fresh/build-id@1": "1.0.1",
    "jsr:@fresh/core@^2.3.3": "2.3.3",
    "jsr:@fresh/plugin-tailwind@1": "1.0.0",
    "jsr:@std/assert@0.221": "0.221.0",
    "jsr:@std/assert@0.224": "0.224.0",
    "jsr:@std/bytes@^1.0.6": "1.0.6",
    "jsr:@std/encoding@^1.0.10": "1.0.11",
    "jsr:@std/encoding@^1.0.11": "1.0.11",
    "jsr:@std/fmt@0.224": "0.224.0",
    "jsr:@std/fmt@^1.0.8": "1.0.10",
    "jsr:@std/fs@^1.0.19": "1.0.24",
    "jsr:@std/html@^1.0.5": "1.0.7",
    "jsr:@std/http@^1.0.21": "1.1.2",
    "jsr:@std/internal@0.224": "0.224.0",
    "jsr:@std/internal@^1.0.14": "1.0.14",
    "jsr:@std/jsonc@^1.0.2": "1.0.2",
    "jsr:@std/media-types@^1.1.0": "1.1.0",
    "jsr:@std/net@^1.0.6": "1.0.6",
    "jsr:@std/path@0.221": "0.221.0",
    "jsr:@std/path@^1.1.1": "1.1.6",
    "jsr:@std/path@^1.1.2": "1.1.6",
    "jsr:@std/path@^1.1.5": "1.1.6",
    "jsr:@std/semver@^1.0.6": "1.0.8",
    "jsr:@std/uuid@^1.0.9": "1.1.1",
    "npm:@codemirror/lang-python@^6.1.6": "6.2.1",
    "npm:@codemirror/state@^6.4.1": "6.7.0",
    "npm:@codemirror/theme-one-dark@^6.1.2": "6.1.3",
    "npm:@opentelemetry/api@^1.9.0": "1.9.1",
    "npm:@preact/signals@^2.9.0": "2.9.2_preact@10.29.3",
    "npm:@tailwindcss/postcss@^4.1.10": "4.3.2",
    "npm:autoprefixer@10.4.17": "10.4.17_postcss@8.5.6",
    "npm:codemirror@^6.0.1": "6.0.2",
    "npm:cssnano@6.0.3": "6.0.3_postcss@8.5.6",
    "npm:esbuild-wasm@~0.25.11": "0.25.12",
    "npm:esbuild@0.25.7": "0.25.7",
    "npm:marked@^12.0.1": "12.0.2",
    "npm:postcss@8.4.35": "8.4.35",
    "npm:postcss@8.5.6": "8.5.6",
    "npm:preact-render-to-string@^6.5.1": "6.7.0_preact@10.29.3",
    "npm:preact-render-to-string@^6.6.3": "6.7.0_preact@10.29.3",
    "npm:preact@^10.28.2": "10.29.3",
    "npm:preact@^10.29.1": "10.29.3",
    "npm:tailwindcss@4": "4.3.2"
  },
  "jsr": {
    "@deno/esbuild-plugin@1.2.1": {
      "integrity": "df629467913adc1f960149fdfa3a3430ba8c20381c310fba096db244e6c3c9f6",
      "dependencies": [
        "jsr:@deno/loader",
        "jsr:@std/path@^1.1.1"
      ]
    },
    "@deno/loader@0.3.14": {
      "integrity": "97bc63a6cc2d27a60bcdc953f588c5213331d866d44212eebb24cebfb9b011ca"
    },
    "@fresh/build-id@1.0.1": {
      "integrity": "12a2ec25fd52ae9ec68c26848a5696cd1c9b537f7c983c7e56e4fb1e7e816c20",
      "dependencies": [
        "jsr:@std/encoding@^1.0.10"
      ]
    },
    "@fresh/core@2.3.3": {
      "integrity": "6c2aad199976644352c89a1d601f3ef331b1d24cdadb53ed469324a303598383",
      "dependencies": [
        "jsr:@deno/esbuild-plugin",
        "jsr:@fresh/build-id",
        "jsr:@std/encoding@^1.0.10",
        "jsr:@std/fmt@^1.0.8",
        "jsr:@std/fs",
        "jsr:@std/html",
        "jsr:@std/http",
        "jsr:@std/jsonc",
        "jsr:@std/media-types",
        "jsr:@std/net",
        "jsr:@std/path@^1.1.2",
        "jsr:@std/semver",
        "jsr:@std/uuid",
        "npm:@opentelemetry/api",
        "npm:esbuild",
        "npm:esbuild-wasm",
        "npm:preact-render-to-string@^6.6.3",
        "npm:preact@^10.28.2",
        "npm:preact@^10.29.1"
      ]
    },
    "@fresh/plugin-tailwind@0.0.1-alpha.7": {
      "integrity": "b940991bdb76f0995dc58b25183f1001d72c4020e049d384ad3fb751556aa2a9",
      "dependencies": [
        "jsr:@std/path@0.221",
        "npm:autoprefixer",
        "npm:cssnano",
        "npm:postcss@8.4.35"
      ]
    },
    "@fresh/plugin-tailwind@1.0.0": {
      "integrity": "3bb3598fb0422392d52ad017285f1d702f1d7b3bddd4028f9da90c0c3baebf37",
      "dependencies": [
        "npm:@tailwindcss/postcss",
        "npm:postcss@8.5.6"
      ]
    },
    "@std/assert@0.221.0": {
      "integrity": "a5f1aa6e7909dbea271754fd4ab3f4e687aeff4873b4cef9a320af813adb489a"
    },
    "@std/assert@0.224.0": {
      "integrity": "8643233ec7aec38a940a8264a6e3eed9bfa44e7a71cc6b3c8874213ff401967f",
      "dependencies": [
        "jsr:@std/fmt@0.224",
        "jsr:@std/internal@0.224"
      ]
    },
    "@std/bytes@1.0.6": {
      "integrity": "f6ac6adbd8ccd99314045f5703e23af0a68d7f7e58364b47d2c7f408aeb5820a"
    },
    "@std/encoding@1.0.11": {
      "integrity": "e7cef2f0b3153bccc17431e7c864a1de03a4b6d9647389c43e08aaa775d37385"
    },
    "@std/fmt@0.224.0": {
      "integrity": "e20e9a2312a8b5393272c26191c0a68eda8d2c4b08b046bad1673148f1d69851"
    },
    "@std/fmt@1.0.10": {
      "integrity": "90dfba288802ac6de82fb31d0917eb9e4450b9925b954d5e51fc29ac07419db5"
    },
    "@std/fs@1.0.24": {
      "integrity": "f3061b45b81673a2bece689da041df32d174be064c89eb6397fb5718d3fb7877",
      "dependencies": [
        "jsr:@std/path@^1.1.5"
      ]
    },
    "@std/html@1.0.7": {
      "integrity": "175c818905a6e75743c69c251395e273d82698e58cfe7dd76268d70e28b8d8fe"
    },
    "@std/http@1.1.2": {
      "integrity": "1c0473590d5e5b75b30b2be4833c08047dd799aeea35624fd34ec58d67fc9240",
      "dependencies": [
        "jsr:@std/encoding@^1.0.11"
      ]
    },
    "@std/internal@0.224.0": {
      "integrity": "afc50644f9cdf4495eeb80523a8f6d27226b4b36c45c7c195dfccad4b8509291",
      "dependencies": [
        "jsr:@std/fmt@0.224"
      ]
    },
    "@std/internal@1.0.14": {
      "integrity": "291516b3d4c35024d6ffbc0a9df5bf4c64116e05b50012cf846710152d2ffdf7"
    },
    "@std/jsonc@1.0.2": {
      "integrity": "909605dae3af22bd75b1cbda8d64a32cf1fd2cf6efa3f9e224aba6d22c0f44c7"
    },
    "@std/media-types@1.1.0": {
      "integrity": "c9d093f0c05c3512932b330e3cc1fe1d627b301db33a4c2c2185c02471d6eaa4"
    },
    "@std/net@1.0.6": {
      "integrity": "110735f93e95bb9feb95790a8b1d1bf69ec0dc74f3f97a00a76ea5efea25500c"
    },
    "@std/path@0.221.0": {
      "integrity": "0a36f6b17314ef653a3a1649740cc8db51b25a133ecfe838f20b79a56ebe0095",
      "dependencies": [
        "jsr:@std/assert@0.221"
      ]
    },
    "@std/path@1.1.6": {
      "integrity": "c68485c2a4dfbb5ae3cc74fae4e8c4e5d874cf8a8ed12927917235c758b46cbe",
      "dependencies": [
        "jsr:@std/internal@^1.0.14"
      ]
    },
    "@std/semver@1.0.8": {
      "integrity": "dc830e8b8b6a380c895d53fbfd1258dc253704ca57bbe1629ac65fd7830179b7"
    },
    "@std/uuid@1.1.1": {
      "integrity": "7b49060282d90f72fec64952f8c7a2914cbe6fdba3eca665f8cedc90830154a7",
      "dependencies": [
        "jsr:@std/bytes"
      ]
    }
  },
  "npm": {
    "@alloc/quick-lru@5.2.0": {
      "integrity": "sha512-UrcABB+4bUrFABwbluTIBErXwvbsU/V7TZWfmbgJfbkwiBuziS9gxdODUyuiecfdGQ85jglMW6juS3+z5TsKLw=="
    },
    "@codemirror/autocomplete@6.20.3": {
      "integrity": "sha512-tlosUqb+3BbxCxZdu4tKeRghPFC+QM7q4X5YhKV2eCmPG+1r2F3f4AaSz5sCrFqUtX4Jh20VFTKecl16MgiV9g==",
      "dependencies": [
        "@codemirror/language",
        "@codemirror/state",
        "@codemirror/view",
        "@lezer/common"
      ]
    },
    "@codemirror/commands@6.10.4": {
      "integrity": "sha512-Ryk9y9T0FFVF0cUGhAknveAyUOl/A1qReTFi+qPKtOh2Z9F4AUBz3XOrYD4ZEgZirdugVzHvd/2/Wcwy5OliTg==",
      "dependencies": [
        "@codemirror/language",
        "@codemirror/state",
        "@codemirror/view",
        "@lezer/common"
      ]
    },
    "@codemirror/lang-python@6.2.1": {
      "integrity": "sha512-IRjC8RUBhn9mGR9ywecNhB51yePWCGgvHfY1lWN/Mrp3cKuHr0isDKia+9HnvhiWNnMpbGhWrkhuWOc09exRyw==",
      "dependencies": [
        "@codemirror/autocomplete",
        "@codemirror/language",
        "@codemirror/state",
        "@lezer/common",
        "@lezer/python"
      ]
    },
    "@codemirror/language@6.12.4": {
      "integrity": "sha512-1q4PaT+o6PbgpkJt4Q8Fv5XJxTy4FUZ4MWETtyiDw3J0Pyr9E2vqcKL+k9wcvjNTIsauxvE7OfmWj3FRPHQ76A==",
      "dependencies": [
        "@codemirror/state",
        "@codemirror/view",
        "@lezer/common",
        "@lezer/highlight",
        "@lezer/lr",
        "style-mod"
      ]
    },
    "@codemirror/lint@6.9.7": {
      "integrity": "sha512-28/+iWLYxKxsvGYhSYL7zaCZqLz5+FFFDq9tVsvGv9kv8RY4fFAchJ5WX9M3YrrRlTIsECjsXPqeNgnSmNP2dg==",
      "dependencies": [
        "@codemirror/state",
        "@codemirror/view",
        "crelt"
      ]
    },
    "@codemirror/search@6.7.1": {
      "integrity": "sha512-uMe5UO6PamJtSHrXhhHOzSX3ReWtiJrva6GnPMwSOrZtiExb5X5eExhr2OUZQVvdxPsKpY3Ro2mFbQadpPWmHA==",
      "dependencies": [
        "@codemirror/state",
        "@codemirror/view",
        "crelt"
      ]
    },
    "@codemirror/state@6.7.0": {
      "integrity": "sha512-Zbl9NyscLMZkfXPQnNAIIAFftidrA1UbcJEIMp24C0Bukc2I5T8wJS0wsXYsnDOqCFJUeJ1BITGNs5CqPDSmSg==",
      "dependencies": [
        "@marijn/find-cluster-break"
      ]
    },
    "@codemirror/theme-one-dark@6.1.3": {
      "integrity": "sha512-NzBdIvEJmx6fjeremiGp3t/okrLPYT0d9orIc7AFun8oZcRk58aejkqhv6spnz4MLAevrKNPMQYXEWMg4s+sKA==",
      "dependencies": [
        "@codemirror/language",
        "@codemirror/state",
        "@codemirror/view",
        "@lezer/highlight"
      ]
    },
    "@codemirror/view@6.43.4": {
      "integrity": "sha512-YImu23iyKfncJzT7sRy+rEqEhSc8RhOHqDxwy4WzXRKJwYm6iwf/9OJk5ctCAdZ6yi2ZqaGEvmf55fSVqMDrgg==",
      "dependencies": [
        "@codemirror/state",
        "crelt",
        "style-mod",
        "w3c-keyname"
      ]
    },
    "@esbuild/aix-ppc64@0.25.7": {
      "integrity": "sha512-uD0kKFHh6ETr8TqEtaAcV+dn/2qnYbH/+8wGEdY70Qf7l1l/jmBUbrmQqwiPKAQE6cOQ7dTj6Xr0HzQDGHyceQ==",
      "os": ["aix"],
      "cpu": ["ppc64"]
    },
    "@esbuild/android-arm64@0.25.7": {
      "integrity": "sha512-p0ohDnwyIbAtztHTNUTzN5EGD/HJLs1bwysrOPgSdlIA6NDnReoVfoCyxG6W1d85jr2X80Uq5KHftyYgaK9LPQ==",
      "os": ["android"],
      "cpu": ["arm64"]
    },
    "@esbuild/android-arm@0.25.7": {
      "integrity": "sha512-Jhuet0g1k9rAJHrXGIh7sFknFuT4sfytYZpZpuZl7YKDhnPByVAm5oy2LEBmMbuYf3ejWVYCc2seX81Mk+madA==",
      "os": ["android"],
      "cpu": ["arm"]
    },
    "@esbuild/android-x64@0.25.7": {
      "integrity": "sha512-mMxIJFlSgVK23HSsII3ZX9T2xKrBCDGyk0qiZnIW10LLFFtZLkFD6imZHu7gUo2wkNZwS9Yj3mOtZD3ZPcjCcw==",
      "os": ["android"],
      "cpu": ["x64"]
    },
    "@esbuild/darwin-arm64@0.25.7": {
      "integrity": "sha512-jyOFLGP2WwRwxM8F1VpP6gcdIJc8jq2CUrURbbTouJoRO7XCkU8GdnTDFIHdcifVBT45cJlOYsZ1kSlfbKjYUQ==",
      "os": ["darwin"],
      "cpu": ["arm64"]
    },
    "@esbuild/darwin-x64@0.25.7": {
      "integrity": "sha512-m9bVWqZCwQ1BthruifvG64hG03zzz9gE2r/vYAhztBna1/+qXiHyP9WgnyZqHgGeXoimJPhAmxfbeU+nMng6ZA==",
      "os": ["darwin"],
      "cpu": ["x64"]
    },
    "@esbuild/freebsd-arm64@0.25.7": {
      "integrity": "sha512-Bss7P4r6uhr3kDzRjPNEnTm/oIBdTPRNQuwaEFWT/uvt6A1YzK/yn5kcx5ZxZ9swOga7LqeYlu7bDIpDoS01bA==",
      "os": ["freebsd"],
      "cpu": ["arm64"]
    },
    "@esbuild/freebsd-x64@0.25.7": {
      "integrity": "sha512-S3BFyjW81LXG7Vqmr37ddbThrm3A84yE7ey/ERBlK9dIiaWgrjRlre3pbG7txh1Uaxz8N7wGGQXmC9zV+LIpBQ==",
      "os": ["freebsd"],
      "cpu": ["x64"]
    },
    "@esbuild/linux-arm64@0.25.7": {
      "integrity": "sha512-HfQZQqrNOfS1Okn7PcsGUqHymL1cWGBslf78dGvtrj8q7cN3FkapFgNA4l/a5lXDwr7BqP2BSO6mz9UremNPbg==",
      "os": ["linux"],
      "cpu": ["arm64"]
    },
    "@esbuild/linux-arm@0.25.7": {
      "integrity": "sha512-JZMIci/1m5vfQuhKoFXogCKVYVfYQmoZJg8vSIMR4TUXbF+0aNlfXH3DGFEFMElT8hOTUF5hisdZhnrZO/bkDw==",
      "os": ["linux"],
      "cpu": ["arm"]
    },
    "@esbuild/linux-ia32@0.25.7": {
      "integrity": "sha512-9Jex4uVpdeofiDxnwHRgen+j6398JlX4/6SCbbEFEXN7oMO2p0ueLN+e+9DdsdPLUdqns607HmzEFnxwr7+5wQ==",
      "os": ["linux"],
      "cpu": ["ia32"]
    },
    "@esbuild/linux-loong64@0.25.7": {
      "integrity": "sha512-TG1KJqjBlN9IHQjKVUYDB0/mUGgokfhhatlay8aZ/MSORMubEvj/J1CL8YGY4EBcln4z7rKFbsH+HeAv0d471w==",
      "os": ["linux"],
      "cpu": ["loong64"]
    },
    "@esbuild/linux-mips64el@0.25.7": {
      "integrity": "sha512-Ty9Hj/lx7ikTnhOfaP7ipEm/ICcBv94i/6/WDg0OZ3BPBHhChsUbQancoWYSO0WNkEiSW5Do4febTTy4x1qYQQ==",
      "os": ["linux"],
      "cpu": ["mips64el"]
    },
    "@esbuild/linux-ppc64@0.25.7": {
      "integrity": "sha512-MrOjirGQWGReJl3BNQ58BLhUBPpWABnKrnq8Q/vZWWwAB1wuLXOIxS2JQ1LT3+5T+3jfPh0tyf5CpbyQHqnWIQ==",
      "os": ["linux"],
      "cpu": ["ppc64"]
    },
    "@esbuild/linux-riscv64@0.25.7": {
      "integrity": "sha512-9pr23/pqzyqIZEZmQXnFyqp3vpa+KBk5TotfkzGMqpw089PGm0AIowkUppHB9derQzqniGn3wVXgck19+oqiOw==",
      "os": ["linux"],
      "cpu": ["riscv64"]
    },
    "@esbuild/linux-s390x@0.25.7": {
      "integrity": "sha512-4dP11UVGh9O6Y47m8YvW8eoA3r8qL2toVZUbBKyGta8j6zdw1cn9F/Rt59/Mhv0OgY68pHIMjGXWOUaykCnx+w==",
      "os": ["linux"],
      "cpu": ["s390x"]
    },
    "@esbuild/linux-x64@0.25.7": {
      "integrity": "sha512-ghJMAJTdw/0uhz7e7YnpdX1xVn7VqA0GrWrAO2qKMuqbvgHT2VZiBv1BQ//VcHsPir4wsL3P2oPggfKPzTKoCA==",
      "os": ["linux"],
      "cpu": ["x64"]
    },
    "@esbuild/netbsd-arm64@0.25.7": {
      "integrity": "sha512-bwXGEU4ua45+u5Ci/a55B85KWaDSRS8NPOHtxy2e3etDjbz23wlry37Ffzapz69JAGGc4089TBo+dGzydQmydg==",
      "os": ["netbsd"],
      "cpu": ["arm64"]
    },
    "@esbuild/netbsd-x64@0.25.7": {
      "integrity": "sha512-tUZRvLtgLE5OyN46sPSYlgmHoBS5bx2URSrgZdW1L1teWPYVmXh+QN/sKDqkzBo/IHGcKcHLKDhBeVVkO7teEA==",
      "os": ["netbsd"],
      "cpu": ["x64"]
    },
    "@esbuild/openbsd-arm64@0.25.7": {
      "integrity": "sha512-bTJ50aoC+WDlDGBReWYiObpYvQfMjBNlKztqoNUL0iUkYtwLkBQQeEsTq/I1KyjsKA5tyov6VZaPb8UdD6ci6Q==",
      "os": ["openbsd"],
      "cpu": ["arm64"]
    },
    "@esbuild/openbsd-x64@0.25.7": {
      "integrity": "sha512-TA9XfJrgzAipFUU895jd9j2SyDh9bbNkK2I0gHcvqb/o84UeQkBpi/XmYX3cO1q/9hZokdcDqQxIi6uLVrikxg==",
      "os": ["openbsd"],
      "cpu": ["x64"]
    },
    "@esbuild/openharmony-arm64@0.25.7": {
      "integrity": "sha512-5VTtExUrWwHHEUZ/N+rPlHDwVFQ5aME7vRJES8+iQ0xC/bMYckfJ0l2n3yGIfRoXcK/wq4oXSItZAz5wslTKGw==",
      "os": ["openharmony"],
      "cpu": ["arm64"]
    },
    "@esbuild/sunos-x64@0.25.7": {
      "integrity": "sha512-umkbn7KTxsexhv2vuuJmj9kggd4AEtL32KodkJgfhNOHMPtQ55RexsaSrMb+0+jp9XL4I4o2y91PZauVN4cH3A==",
      "os": ["sunos"],
      "cpu": ["x64"]
    },
    "@esbuild/win32-arm64@0.25.7": {
      "integrity": "sha512-j20JQGP/gz8QDgzl5No5Gr4F6hurAZvtkFxAKhiv2X49yi/ih8ECK4Y35YnjlMogSKJk931iNMcd35BtZ4ghfw==",
      "os": ["win32"],
      "cpu": ["arm64"]
    },
    "@esbuild/win32-ia32@0.25.7": {
      "integrity": "sha512-4qZ6NUfoiiKZfLAXRsvFkA0hoWVM+1y2bSHXHkpdLAs/+r0LgwqYohmfZCi985c6JWHhiXP30mgZawn/XrqAkQ==",
      "os": ["win32"],
      "cpu": ["ia32"]
    },
    "@esbuild/win32-x64@0.25.7": {
      "integrity": "sha512-FaPsAHTwm+1Gfvn37Eg3E5HIpfR3i6x1AIcla/MkqAIupD4BW3MrSeUqfoTzwwJhk3WE2/KqUn4/eenEJC76VA==",
      "os": ["win32"],
      "cpu": ["x64"]
    },
    "@jridgewell/gen-mapping@0.3.8": {
      "integrity": "sha512-imAbBGkb+ebQyxKgzv5Hu2nmROxoDOXHh80evxdoXNOrvAnVx7zimzc1Oo5h9RlfV4vPXaE2iM5pOFbvOCClWA==",
      "dependencies": [
        "@jridgewell/set-array",
        "@jridgewell/sourcemap-codec",
        "@jridgewell/trace-mapping"
      ]
    },
    "@jridgewell/remapping@2.3.5": {
      "integrity": "sha512-LI9u/+laYG4Ds1TDKSJW2YPrIlcVYOwi2fUC6xB43lueCjgxV4lffOCZCtYFiH6TNOX+tQKXx97T4IKHbhyHEQ==",
      "dependencies": [
        "@jridgewell/gen-mapping",
        "@jridgewell/trace-mapping"
      ]
    },
    "@jridgewell/resolve-uri@3.1.2": {
      "integrity": "sha512-bRISgCIjP20/tbWSPWMEi54QVPRZExkuD9lJL+UIxUKtwVJA8wW1Trb1jMs1RFXo1CBTNZ/5hpC9QvmKWdopKw=="
    },
    "@jridgewell/set-array@1.2.1": {
      "integrity": "sha512-R8gLRTZeyp03ymzP/6Lil/28tGeGEzhx1q2k703KGWRAI1VdvPIXdG70VJc2pAMw3NA6JKL5hhFu1sJX0Mnn/A=="
    },
    "@jridgewell/sourcemap-codec@1.5.5": {
      "integrity": "sha512-cYQ9310grqxueWbl+WuIUIaiUaDcj7WOq5fVhEljNVgRfOUhY9fy2zTvfoqWsnebh8Sl70VScFbICvJnLKB0Og=="
    },
    "@jridgewell/trace-mapping@0.3.25": {
      "integrity": "sha512-vNk6aEwybGtawWmy/PzwnGDOjCkLWSD2wqvjGGAgOAwCGWySYXfYoxt00IJkTF+8Lb57DwOb3Aa0o9CApepiYQ==",
      "dependencies": [
        "@jridgewell/resolve-uri",
        "@jridgewell/sourcemap-codec"
      ]
    },
    "@lezer/common@1.5.2": {
      "integrity": "sha512-sxQE460fPZyU3sdc8lafxiPwJHBzZRy/udNFynGQky1SePYBdhkBl1kOagA9uT3pxR8K09bOrmTUqA9wb/PjSQ=="
    },
    "@lezer/highlight@1.2.3": {
      "integrity": "sha512-qXdH7UqTvGfdVBINrgKhDsVTJTxactNNxLk7+UMwZhU13lMHaOBlJe9Vqp907ya56Y3+ed2tlqzys7jDkTmW0g==",
      "dependencies": [
        "@lezer/common"
      ]
    },
    "@lezer/lr@1.4.10": {
      "integrity": "sha512-rnCpTIBafOx4mRp43xOxDJbFipJm/c0cia/V5TiGlhmMa+wsSdoGmUN3w5Bqrks/09Q/D4tNAmWaT8p6NRi77A==",
      "dependencies": [
        "@lezer/common"
      ]
    },
    "@lezer/python@1.1.19": {
      "integrity": "sha512-MhQIURHRytsNzP/YXnqpYKW6la6voAH3kyplTOOiCdjyFY6cWWGFVmYVdHIPrElqSDf4iCDktQCockB9FxuhzQ==",
      "dependencies": [
        "@lezer/common",
        "@lezer/highlight",
        "@lezer/lr"
      ]
    },
    "@marijn/find-cluster-break@1.0.3": {
      "integrity": "sha512-FY+MKLBoTsLNJF/eLWaOsXGdz6uh3Iu1axjPf6TUq92IYumcTcXWHoS747JARLkcdlJ/Waiaxc5wQfFO8jC6NA=="
    },
    "@opentelemetry/api@1.9.1": {
      "integrity": "sha512-gLyJlPHPZYdAk1JENA9LeHejZe1Ti77/pTeFm/nMXmQH/HFZlcS/O2XJB+L8fkbrNSqhdtlvjBVjxwUYanNH5Q=="
    },
    "@preact/signals-core@1.14.3": {
      "integrity": "sha512-m0K3vnbSLC5rHs2ZVfeAMvBtT1zIyq4mxx5OlNncSgMj5Iz6W5Rn3kPrDxAC+iIKmiVe0lSl6U37t5ZkEWoVAw=="
    },
    "@preact/signals@2.9.2_preact@10.29.3": {
      "integrity": "sha512-DvFPISNMSh3vPqRwPa1tAVAHl85aDq4pTyNu1bTGfrKr64F3EOCHjdUl9aUdohKBf1v9PRGLYuGFcJpfztkdoQ==",
      "dependencies": [
        "@preact/signals-core",
        "preact"
      ]
    },
    "@tailwindcss/node@4.3.2": {
      "integrity": "sha512-yWP/sqEcBLaD8JuA6zNwxoYKr75qxTioYwlRwekj5Jr/I5GXnoJfjetH/psLUIv74cYTH2lBUEzBkinthoYcBg==",
      "dependencies": [
        "@jridgewell/remapping",
        "enhanced-resolve",
        "jiti",
        "lightningcss",
        "magic-string",
        "source-map-js",
        "tailwindcss"
      ]
    },
    "@tailwindcss/oxide-android-arm64@4.3.2": {
      "integrity": "sha512-WHxqIuHpvZ5VtdX6GTl1Ik/Vp2YuN42Et+0CdeaVd/frQ9jAvGmvR8vLT+jk3e8/Q3x8kECB9+R17pgpp2BulA==",
      "os": ["android"],
      "cpu": ["arm64"]
    },
    "@tailwindcss/oxide-darwin-arm64@4.3.2": {
      "integrity": "sha512-GZypeUY/IDJW3877KeM+O67vbXr3MBnbtEL4aYhNErv/JWZhye2vGSWWG9tB6iiqR2MqRNkY8IOUy4NdSZV26w==",
      "os": ["darwin"],
      "cpu": ["arm64"]
    },
    "@tailwindcss/oxide-darwin-x64@4.3.2": {
      "integrity": "sha512-UIIzmefR6KO1sDU7MzRqAxC8iBpft/VhkGjTjnhoS6k7Z3rQ9wEgA1ODSiyH/tcSYssulNm4Ci3hOeK1jH7ccQ==",
      "os": ["darwin"],
      "cpu": ["x64"]
    },
    "@tailwindcss/oxide-freebsd-x64@4.3.2": {
      "integrity": "sha512-GN+uAmcI6DNspnCDwtOAZrTz6oukJnp337qZvxqCGLd3BHBzJpO0ZbTLRvJNdztOeAmTzewewGIMPb0tk2R4WA==",
      "os": ["freebsd"],
      "cpu": ["x64"]
    },
    "@tailwindcss/oxide-linux-arm-gnueabihf@4.3.2": {
      "integrity": "sha512-4ABn7qSbdHRwTiDiuWNegCyb5+2FJ4vKIKc3DmKrvAFw7MU1Lm11dIkTPwUaFdTzc7IsOpDbqBrlh0x6y36U/w==",
      "os": ["linux"],
      "cpu": ["arm"]
    },
    "@tailwindcss/oxide-linux-arm64-gnu@4.3.2": {
      "integrity": "sha512-wDgEIGwoM8w8pufh9LVt1PahDgNdKXrLC2qfAnV3vAmococ9RWbxeAw4pxPttd/TsJfwjyLf90Dg1y9y8I6Emw==",
      "os": ["linux"],
      "cpu": ["arm64"]
    },
    "@tailwindcss/oxide-linux-arm64-musl@4.3.2": {
      "integrity": "sha512-J5Nuk0uZQIiMTJj3LEx4sAA9tMFUoXQZFv1J6An+QGYe53HKRJuFDi0rpq/tuouCZeAbOBY3kQ6g8qeD4TUjtA==",
      "os": ["linux"],
      "cpu": ["arm64"]
    },
    "@tailwindcss/oxide-linux-x64-gnu@4.3.2": {
      "integrity": "sha512-kqCZpSKOBEJO4mz7OqWoofBZeXTAwaVGPj0ErAj7CojmhKpWVWVOnrt9dE8odoIraZq4oj3ausM37kXi+Tow8w==",
      "os": ["linux"],
      "cpu": ["x64"]
    },
    "@tailwindcss/oxide-linux-x64-musl@4.3.2": {
      "integrity": "sha512-cixpqbh2toJDmkuCRI68nXA8ZxNmdK9Y+9v5h3MC3ZQKy/0BO8AWzlkWyRM7JAFSGBlfig4YVTPsK6MVgqz1uw==",
      "os": ["linux"],
      "cpu": ["x64"]
    },
    "@tailwindcss/oxide-wasm32-wasi@4.3.2": {
      "integrity": "sha512-4ec2Z/LOmRsAgU23CS4xeJfcJlmRg94A/XrbGRCF1gyU/zdDfRLYDVsS+ynSZCmGNxQ1jQriQOKMQeQxBA3Isw==",
      "cpu": ["wasm32"]
    },
    "@tailwindcss/oxide-win32-arm64-msvc@4.3.2": {
      "integrity": "sha512-Zyr/M0+XcYZu3bZrUytc7TXvrk0ftWfl8gN2MwekNDzhqhKRUucMPSeOzM0o0wH5AWOU49BsKRrfKxI2atCPMQ==",
      "os": ["win32"],
      "cpu": ["arm64"]
    },
    "@tailwindcss/oxide-win32-x64-msvc@4.3.2": {
      "integrity": "sha512-QI9BO7KlNZsp2GuO0jwAAj5jCDABOKXRkCk2XuKTSaNEFSdfzqswYVTtCHBNKHLsqyjFyFkqlDiwkNbTYSssMQ==",
      "os": ["win32"],
      "cpu": ["x64"]
    },
    "@tailwindcss/oxide@4.3.2": {
      "integrity": "sha512-z8ZgnzX8gdNoWLBLqBPoh/sjnxkwvf9ZuWjnO0l0yIzbLa5/9S+eC5QxGZKRobVHIC3/1BoMWjHblqWjcgFgag==",
      "optionalDependencies": [
        "@tailwindcss/oxide-android-arm64",
        "@tailwindcss/oxide-darwin-arm64",
        "@tailwindcss/oxide-darwin-x64",
        "@tailwindcss/oxide-freebsd-x64",
        "@tailwindcss/oxide-linux-arm-gnueabihf",
        "@tailwindcss/oxide-linux-arm64-gnu",
        "@tailwindcss/oxide-linux-arm64-musl",
        "@tailwindcss/oxide-linux-x64-gnu",
        "@tailwindcss/oxide-linux-x64-musl",
        "@tailwindcss/oxide-wasm32-wasi",
        "@tailwindcss/oxide-win32-arm64-msvc",
        "@tailwindcss/oxide-win32-x64-msvc"
      ]
    },
    "@tailwindcss/postcss@4.3.2": {
      "integrity": "sha512-rjVWYCa7Ngbi5AarT6k8TkxUG3Wl1QKzHdIZVsjZSzf36Jmo2IKZt/NHRAwly8oDkbBOH0YTu+CHuf9jPxMc+g==",
      "dependencies": [
        "@alloc/quick-lru",
        "@tailwindcss/node",
        "@tailwindcss/oxide",
        "postcss@8.5.16",
        "tailwindcss"
      ]
    },
    "@trysound/sax@0.2.0": {
      "integrity": "sha512-L7z9BgrNEcYyUYtF+HaEfiS5ebkh9jXqbszz7pC0hRBPaatV0XjSD3+eHrpqFemQfgwiFF0QPIarnIihIDn7OA=="
    },
    "autoprefixer@10.4.17_postcss@8.5.6": {
      "integrity": "sha512-/cpVNRLSfhOtcGflT13P2794gVSgmPgTR+erw5ifnMLZb0UnSlkK4tquLmkd3BhA+nLo5tX8Cu0upUsGKvKbmg==",
      "dependencies": [
        "browserslist",
        "caniuse-lite",
        "fraction.js",
        "normalize-range",
        "picocolors",
        "postcss@8.5.6",
        "postcss-value-parser"
      ],
      "bin": true
    },
    "boolbase@1.0.0": {
      "integrity": "sha512-JZOSA7Mo9sNGB8+UjSgzdLtokWAky1zbztM3WRLCbZ70/3cTANmQmOdR7y2g+J0e2WXywy1yS468tY+IruqEww=="
    },
    "browserslist@4.24.5": {
      "integrity": "sha512-FDToo4Wo82hIdgc1CQ+NQD0hEhmpPjrZ3hiUgwgOG6IuTdlpr8jdjyG24P6cNP1yJpTLzS5OcGgSw0xmDU1/Tw==",
      "dependencies": [
        "caniuse-lite",
        "electron-to-chromium",
        "node-releases",
        "update-browserslist-db"
      ],
      "bin": true
    },
    "caniuse-api@3.0.0": {
      "integrity": "sha512-bsTwuIg/BZZK/vreVTYYbSWoe2F+71P7K5QGEX+pT250DZbfU1MQ5prOKpPR+LL6uWKK3KMwMCAS74QB3Um1uw==",
      "dependencies": [
        "browserslist",
        "caniuse-lite",
        "lodash.memoize",
        "lodash.uniq"
      ]
    },
    "caniuse-lite@1.0.30001718": {
      "integrity": "sha512-AflseV1ahcSunK53NfEs9gFWgOEmzr0f+kaMFA4xiLZlr9Hzt7HxcSpIFcnNCUkz6R6dWKa54rUz3HUmI3nVcw=="
    },
    "codemirror@6.0.2": {
      "integrity": "sha512-VhydHotNW5w1UGK0Qj96BwSk/Zqbp9WbnyK2W/eVMv4QyF41INRGpjUhFJY7/uDNuudSc33a/PKr4iDqRduvHw==",
      "dependencies": [
        "@codemirror/autocomplete",
        "@codemirror/commands",
        "@codemirror/language",
        "@codemirror/lint",
        "@codemirror/search",
        "@codemirror/state",
        "@codemirror/view"
      ]
    },
    "colord@2.9.3": {
      "integrity": "sha512-jeC1axXpnb0/2nn/Y1LPuLdgXBLH7aDcHu4KEKfqw3CUhX7ZpfBSlPKyqXE6btIgEzfWtrX3/tyBCaCvXvMkOw=="
    },
    "commander@7.2.0": {
      "integrity": "sha512-QrWXB+ZQSVPmIWIhtEO9H+gwHaMGYiF5ChvoJ+K9ZGHG/sVsa6yiesAD1GC/x46sET00Xlwo1u49RVVVzvcSkw=="
    },
    "crelt@1.0.7": {
      "integrity": "sha512-aK6BbWfhf4U/wCcLHKPJl/xa6VkVstRaPywWtMKGwuOLc/wZTyQYuoxgvZnNsBvv7Kg3YTBQYYBCggcviQczuA=="
    },
    "css-declaration-sorter@7.2.0_postcss@8.5.6": {
      "integrity": "sha512-h70rUM+3PNFuaBDTLe8wF/cdWu+dOZmb7pJt8Z2sedYbAcQVQV/tEchueg3GWxwqS0cxtbxmaHEdkNACqcvsow==",
      "dependencies": [
        "postcss@8.5.6"
      ]
    },
    "css-select@5.1.0": {
      "integrity": "sha512-nwoRF1rvRRnnCqqY7updORDsuqKzqYJ28+oSMaJMMgOauh3fvwHqMS7EZpIPqK8GL+g9mKxF1vP/ZjSeNjEVHg==",
      "dependencies": [
        "boolbase",
        "css-what",
        "domhandler",
        "domutils",
        "nth-check"
      ]
    },
    "css-tree@2.2.1": {
      "integrity": "sha512-OA0mILzGc1kCOCSJerOeqDxDQ4HOh+G8NbOJFOTgOCzpw7fCBubk0fEyxp8AgOL/jvLgYA/uV0cMbe43ElF1JA==",
      "dependencies": [
        "mdn-data@2.0.28",
        "source-map-js"
      ]
    },
    "css-tree@2.3.1": {
      "integrity": "sha512-6Fv1DV/TYw//QF5IzQdqsNDjx/wc8TrMBZsqjL9eW01tWb7R7k/mq+/VXfJCl7SoD5emsJop9cOByJZfs8hYIw==",
      "dependencies": [
        "mdn-data@2.0.30",
        "source-map-js"
      ]
    },
    "css-what@6.1.0": {
      "integrity": "sha512-HTUrgRJ7r4dsZKU6GjmpfRK1O76h97Z8MfS1G0FozR+oF2kG6Vfe8JE6zwrkbxigziPHinCJ+gCPjA9EaBDtRw=="
    },
    "cssesc@3.0.0": {
      "integrity": "sha512-/Tb/JcjK111nNScGob5MNtsntNM1aCNUDipB/TkwZFhyDrrE47SOx/18wF2bbjgc3ZzCSKW1T5nt5EbFoAz/Vg==",
      "bin": true
    },
    "cssnano-preset-default@6.1.2_postcss@8.5.6": {
      "integrity": "sha512-1C0C+eNaeN8OcHQa193aRgYexyJtU8XwbdieEjClw+J9d94E41LwT6ivKH0WT+fYwYWB0Zp3I3IZ7tI/BbUbrg==",
      "dependencies": [
        "browserslist",
        "css-declaration-sorter",
        "cssnano-utils",
        "postcss@8.5.6",
        "postcss-calc",
        "postcss-colormin",
        "postcss-convert-values",
        "postcss-discard-comments",
        "postcss-discard-duplicates",
        "postcss-discard-empty",
        "postcss-discard-overridden",
        "postcss-merge-longhand",
        "postcss-merge-rules",
        "postcss-minify-font-values",
        "postcss-minify-gradients",
        "postcss-minify-params",
        "postcss-minify-selectors",
        "postcss-normalize-charset",
        "postcss-normalize-display-values",
        "postcss-normalize-positions",
        "postcss-normalize-repeat-style",
        "postcss-normalize-string",
        "postcss-normalize-timing-functions",
        "postcss-normalize-unicode",
        "postcss-normalize-url",
        "postcss-normalize-whitespace",
        "postcss-ordered-values",
        "postcss-reduce-initial",
        "postcss-reduce-transforms",
        "postcss-svgo",
        "postcss-unique-selectors"
      ]
    },
    "cssnano-utils@4.0.2_postcss@8.5.6": {
      "integrity": "sha512-ZR1jHg+wZ8o4c3zqf1SIUSTIvm/9mU343FMR6Obe/unskbvpGhZOo1J6d/r8D1pzkRQYuwbcH3hToOuoA2G7oQ==",
      "dependencies": [
        "postcss@8.5.6"
      ]
    },
    "cssnano@6.0.3_postcss@8.5.6": {
      "integrity": "sha512-MRq4CIj8pnyZpcI2qs6wswoYoDD1t0aL28n+41c1Ukcpm56m1h6mCexIHBGjfZfnTqtGSSCP4/fB1ovxgjBOiw==",
      "dependencies": [
        "cssnano-preset-default",
        "lilconfig",
        "postcss@8.5.6"
      ]
    },
    "csso@5.0.5": {
      "integrity": "sha512-0LrrStPOdJj+SPCCrGhzryycLjwcgUSHBtxNA8aIDxf0GLsRh1cKYhB00Gd1lDOS4yGH69+SNn13+TWbVHETFQ==",
      "dependencies": [
        "css-tree@2.2.1"
      ]
    },
    "detect-libc@2.1.2": {
      "integrity": "sha512-Btj2BOOO83o3WyH59e8MgXsxEQVcarkUOpEYrubB0urwnN10yQ364rsiByU11nZlqWYZm05i/of7io4mzihBtQ=="
    },
    "dom-serializer@2.0.0": {
      "integrity": "sha512-wIkAryiqt/nV5EQKqQpo3SToSOV9J0DnbJqwK7Wv/Trc92zIAYZ4FlMu+JPFW1DfGFt81ZTCGgDEabffXeLyJg==",
      "dependencies": [
        "domelementtype",
        "domhandler",
        "entities"
      ]
    },
    "domelementtype@2.3.0": {
      "integrity": "sha512-OLETBj6w0OsagBwdXnPdN0cnMfF9opN69co+7ZrbfPGrdpPVNBUj02spi6B1N7wChLQiPn4CSH/zJvXw56gmHw=="
    },
    "domhandler@5.0.3": {
      "integrity": "sha512-cgwlv/1iFQiFnU96XXgROh8xTeetsnJiDsTc7TYCLFd9+/WNkIqPTxiM/8pSd8VIrhXGTf1Ny1q1hquVqDJB5w==",
      "dependencies": [
        "domelementtype"
      ]
    },
    "domutils@3.2.2": {
      "integrity": "sha512-6kZKyUajlDuqlHKVX1w7gyslj9MPIXzIFiz/rGu35uC1wMi+kMhQwGhl4lt9unC9Vb9INnY9Z3/ZA3+FhASLaw==",
      "dependencies": [
        "dom-serializer",
        "domelementtype",
        "domhandler"
      ]
    },
    "electron-to-chromium@1.5.155": {
      "integrity": "sha512-ps5KcGGmwL8VaeJlvlDlu4fORQpv3+GIcF5I3f9tUKUlJ/wsysh6HU8P5L1XWRYeXfA0oJd4PyM8ds8zTFf6Ng=="
    },
    "enhanced-resolve@5.21.6": {
      "integrity": "sha512-aNnGCvbJ/RIyWo1IuhNdVjnNF+EjH9wpzpNHt+ci/m9He9LJvUN8wrCcXjp9cWsGNAuvSpVFTx/vraAFQ8qGjQ==",
      "dependencies": [
        "graceful-fs",
        "tapable"
      ]
    },
    "entities@4.5.0": {
      "integrity": "sha512-V0hjH4dGPh9Ao5p0MoRY6BVqtwCjhz6vI5LT8AJ55H+4g9/4vbHx1I54fS0XuclLhDHArPQCiMjDxjaL8fPxhw=="
    },
    "esbuild-wasm@0.25.12": {
      "integrity": "sha512-rZqkjL3Y6FwLpSHzLnaEy8Ps6veCNo1kZa9EOfJvmWtBq5dJH4iVjfmOO6Mlkv9B0tt9WFPFmb/VxlgJOnueNg==",
      "bin": true
    },
    "esbuild@0.25.7": {
      "integrity": "sha512-daJB0q2dmTzo90L9NjRaohhRWrCzYxWNFTjEi72/h+p5DcY3yn4MacWfDakHmaBaDzDiuLJsCh0+6LK/iX+c+Q==",
      "optionalDependencies": [
        "@esbuild/aix-ppc64",
        "@esbuild/android-arm",
        "@esbuild/android-arm64",
        "@esbuild/android-x64",
        "@esbuild/darwin-arm64",
        "@esbuild/darwin-x64",
        "@esbuild/freebsd-arm64",
        "@esbuild/freebsd-x64",
        "@esbuild/linux-arm",
        "@esbuild/linux-arm64",
        "@esbuild/linux-ia32",
        "@esbuild/linux-loong64",
        "@esbuild/linux-mips64el",
        "@esbuild/linux-ppc64",
        "@esbuild/linux-riscv64",
        "@esbuild/linux-s390x",
        "@esbuild/linux-x64",
        "@esbuild/netbsd-arm64",
        "@esbuild/netbsd-x64",
        "@esbuild/openbsd-arm64",
        "@esbuild/openbsd-x64",
        "@esbuild/openharmony-arm64",
        "@esbuild/sunos-x64",
        "@esbuild/win32-arm64",
        "@esbuild/win32-ia32",
        "@esbuild/win32-x64"
      ],
      "scripts": true,
      "bin": true
    },
    "escalade@3.2.0": {
      "integrity": "sha512-WUj2qlxaQtO4g6Pq5c29GTcWGDyd8itL8zTlipgECz3JesAiiOKotd8JU6otB3PACgG6xkJUyVhboMS+bje/jA=="
    },
    "fraction.js@4.3.7": {
      "integrity": "sha512-ZsDfxO51wGAXREY55a7la9LScWpwv9RxIrYABrlvOFBlH/ShPnrtsXeuUIfXKKOVicNxQ+o8JTbJvjS4M89yew=="
    },
    "graceful-fs@4.2.11": {
      "integrity": "sha512-RbJ5/jmFcNNCcDV5o9eTnBLJ/HszWV0P73bc+Ff4nS/rJj+YaS6IGyiOL0VoBYX+l1Wrl3k63h/KrH+nhJ0XvQ=="
    },
    "jiti@2.7.0": {
      "integrity": "sha512-AC/7JofJvZGrrneWNaEnJeOLUx+JlGt7tNa0wZiRPT4MY1wmfKjt2+6O2p2uz2+skll8OZZmJMNqeke7kKbNgQ==",
      "bin": true
    },
    "lightningcss-android-arm64@1.32.0": {
      "integrity": "sha512-YK7/ClTt4kAK0vo6w3X+Pnm0D2cf2vPHbhOXdoNti1Ga0al1P4TBZhwjATvjNwLEBCnKvjJc2jQgHXH0NEwlAg==",
      "os": ["android"],
      "cpu": ["arm64"]
    },
    "lightningcss-darwin-arm64@1.32.0": {
      "integrity": "sha512-RzeG9Ju5bag2Bv1/lwlVJvBE3q6TtXskdZLLCyfg5pt+HLz9BqlICO7LZM7VHNTTn/5PRhHFBSjk5lc4cmscPQ==",
      "os": ["darwin"],
      "cpu": ["arm64"]
    },
    "lightningcss-darwin-x64@1.32.0": {
      "integrity": "sha512-U+QsBp2m/s2wqpUYT/6wnlagdZbtZdndSmut/NJqlCcMLTWp5muCrID+K5UJ6jqD2BFshejCYXniPDbNh73V8w==",
      "os": ["darwin"],
      "cpu": ["x64"]
    },
    "lightningcss-freebsd-x64@1.32.0": {
      "integrity": "sha512-JCTigedEksZk3tHTTthnMdVfGf61Fky8Ji2E4YjUTEQX14xiy/lTzXnu1vwiZe3bYe0q+SpsSH/CTeDXK6WHig==",
      "os": ["freebsd"],
      "cpu": ["x64"]
    },
    "lightningcss-linux-arm-gnueabihf@1.32.0": {
      "integrity": "sha512-x6rnnpRa2GL0zQOkt6rts3YDPzduLpWvwAF6EMhXFVZXD4tPrBkEFqzGowzCsIWsPjqSK+tyNEODUBXeeVHSkw==",
      "os": ["linux"],
      "cpu": ["arm"]
    },
    "lightningcss-linux-arm64-gnu@1.32.0": {
      "integrity": "sha512-0nnMyoyOLRJXfbMOilaSRcLH3Jw5z9HDNGfT/gwCPgaDjnx0i8w7vBzFLFR1f6CMLKF8gVbebmkUN3fa/kQJpQ==",
      "os": ["linux"],
      "cpu": ["arm64"]
    },
    "lightningcss-linux-arm64-musl@1.32.0": {
      "integrity": "sha512-UpQkoenr4UJEzgVIYpI80lDFvRmPVg6oqboNHfoH4CQIfNA+HOrZ7Mo7KZP02dC6LjghPQJeBsvXhJod/wnIBg==",
      "os": ["linux"],
      "cpu": ["arm64"]
    },
    "lightningcss-linux-x64-gnu@1.32.0": {
      "integrity": "sha512-V7Qr52IhZmdKPVr+Vtw8o+WLsQJYCTd8loIfpDaMRWGUZfBOYEJeyJIkqGIDMZPwPx24pUMfwSxxI8phr/MbOA==",
      "os": ["linux"],
      "cpu": ["x64"]
    },
    "lightningcss-linux-x64-musl@1.32.0": {
      "integrity": "sha512-bYcLp+Vb0awsiXg/80uCRezCYHNg1/l3mt0gzHnWV9XP1W5sKa5/TCdGWaR/zBM2PeF/HbsQv/j2URNOiVuxWg==",
      "os": ["linux"],
      "cpu": ["x64"]
    },
    "lightningcss-win32-arm64-msvc@1.32.0": {
      "integrity": "sha512-8SbC8BR40pS6baCM8sbtYDSwEVQd4JlFTOlaD3gWGHfThTcABnNDBda6eTZeqbofalIJhFx0qKzgHJmcPTnGdw==",
      "os": ["win32"],
      "cpu": ["arm64"]
    },
    "lightningcss-win32-x64-msvc@1.32.0": {
      "integrity": "sha512-Amq9B/SoZYdDi1kFrojnoqPLxYhQ4Wo5XiL8EVJrVsB8ARoC1PWW6VGtT0WKCemjy8aC+louJnjS7U18x3b06Q==",
      "os": ["win32"],
      "cpu": ["x64"]
    },
    "lightningcss@1.32.0": {
      "integrity": "sha512-NXYBzinNrblfraPGyrbPoD19C1h9lfI/1mzgWYvXUTe414Gz/X1FD2XBZSZM7rRTrMA8JL3OtAaGifrIKhQ5yQ==",
      "dependencies": [
        "detect-libc"
      ],
      "optionalDependencies": [
        "lightningcss-android-arm64",
        "lightningcss-darwin-arm64",
        "lightningcss-darwin-x64",
        "lightningcss-freebsd-x64",
        "lightningcss-linux-arm-gnueabihf",
        "lightningcss-linux-arm64-gnu",
        "lightningcss-linux-arm64-musl",
        "lightningcss-linux-x64-gnu",
        "lightningcss-linux-x64-musl",
        "lightningcss-win32-arm64-msvc",
        "lightningcss-win32-x64-msvc"
      ]
    },
    "lilconfig@3.1.3": {
      "integrity": "sha512-/vlFKAoH5Cgt3Ie+JLhRbwOsCQePABiU3tJ1egGvyQ+33R/vcwM2Zl2QR/LzjsBeItPt3oSVXapn+m4nQDvpzw=="
    },
    "lodash.memoize@4.1.2": {
      "integrity": "sha512-t7j+NzmgnQzTAYXcsHYLgimltOV1MXHtlOWf6GjL9Kj8GK5FInw5JotxvbOs+IvV1/Dzo04/fCGfLVs7aXb4Ag=="
    },
    "lodash.uniq@4.5.0": {
      "integrity": "sha512-xfBaXQd9ryd9dlSDvnvI0lvxfLJlYAZzXomUYzLKtUeOQvOP5piqAWuGtrhWeqaXK9hhoM/iyJc5AV+XfsX3HQ=="
    },
    "magic-string@0.30.21": {
      "integrity": "sha512-vd2F4YUyEXKGcLHoq+TEyCjxueSeHnFxyyjNp80yg0XV4vUhnDer/lvvlqM/arB5bXQN5K2/3oinyCRyx8T2CQ==",
      "dependencies": [
        "@jridgewell/sourcemap-codec"
      ]
    },
    "marked@12.0.2": {
      "integrity": "sha512-qXUm7e/YKFoqFPYPa3Ukg9xlI5cyAtGmyEIzMfW//m6kXwCy2Ps9DYf5ioijFKQ8qyuscrHoY04iJGctu2Kg0Q==",
      "bin": true
    },
    "mdn-data@2.0.28": {
      "integrity": "sha512-aylIc7Z9y4yzHYAJNuESG3hfhC+0Ibp/MAMiaOZgNv4pmEdFyfZhhhny4MNiAfWdBQ1RQ2mfDWmM1x8SvGyp8g=="
    },
    "mdn-data@2.0.30": {
      "integrity": "sha512-GaqWWShW4kv/G9IEucWScBx9G1/vsFZZJUO+tD26M8J8z3Kw5RDQjaoZe03YAClgeS/SWPOcb4nkFBTEi5DUEA=="
    },
    "nanoid@3.3.15": {
      "integrity": "sha512-y7Wygv/7mEOvxTuEQDB8StXdMRBWf1kR/tlhAzBRUFkB2jfcLOAxO/SHmOO2zgz1pVgK29/kyupn059/bCHdjA==",
      "bin": true
    },
    "node-releases@2.0.19": {
      "integrity": "sha512-xxOWJsBKtzAq7DY0J+DTzuz58K8e7sJbdgwkbMWQe8UYB6ekmsQ45q0M/tJDsGaZmbC+l7n57UV8Hl5tHxO9uw=="
    },
    "normalize-range@0.1.2": {
      "integrity": "sha512-bdok/XvKII3nUpklnV6P2hxtMNrCboOjAcyBuQnWEhO665FwrSNRxU+AqpsyvO6LgGYPspN+lu5CLtw4jPRKNA=="
    },
    "nth-check@2.1.1": {
      "integrity": "sha512-lqjrjmaOoAnWfMmBPL+XNnynZh2+swxiX3WUE0s4yEHI6m+AwrK2UZOimIRl3X/4QctVqS8AiZjFqyOGrMXb/w==",
      "dependencies": [
        "boolbase"
      ]
    },
    "picocolors@1.1.1": {
      "integrity": "sha512-xceH2snhtb5M9liqDsmEw56le376mTZkEX/jEb/RxNFyegNul7eNslCXP9FDj/Lcu0X8KEyMceP2ntpaHrDEVA=="
    },
    "postcss-calc@9.0.1_postcss@8.5.6": {
      "integrity": "sha512-TipgjGyzP5QzEhsOZUaIkeO5mKeMFpebWzRogWG/ysonUlnHcq5aJe0jOjpfzUU8PeSaBQnrE8ehR0QA5vs8PQ==",
      "dependencies": [
        "postcss@8.5.6",
        "postcss-selector-parser",
        "postcss-value-parser"
      ]
    },
    "postcss-colormin@6.1.0_postcss@8.5.6": {
      "integrity": "sha512-x9yX7DOxeMAR+BgGVnNSAxmAj98NX/YxEMNFP+SDCEeNLb2r3i6Hh1ksMsnW8Ub5SLCpbescQqn9YEbE9554Sw==",
      "dependencies": [
        "browserslist",
        "caniuse-api",
        "colord",
        "postcss@8.5.6",
        "postcss-value-parser"
      ]
    },
    "postcss-convert-values@6.1.0_postcss@8.5.6": {
      "integrity": "sha512-zx8IwP/ts9WvUM6NkVSkiU902QZL1bwPhaVaLynPtCsOTqp+ZKbNi+s6XJg3rfqpKGA/oc7Oxk5t8pOQJcwl/w==",
      "dependencies": [
        "browserslist",
        "postcss@8.5.6",
        "postcss-value-parser"
      ]
    },
    "postcss-discard-comments@6.0.2_postcss@8.5.6": {
      "integrity": "sha512-65w/uIqhSBBfQmYnG92FO1mWZjJ4GL5b8atm5Yw2UgrwD7HiNiSSNwJor1eCFGzUgYnN/iIknhNRVqjrrpuglw==",
      "dependencies": [
        "postcss@8.5.6"
      ]
    },
    "postcss-discard-duplicates@6.0.3_postcss@8.5.6": {
      "integrity": "sha512-+JA0DCvc5XvFAxwx6f/e68gQu/7Z9ud584VLmcgto28eB8FqSFZwtrLwB5Kcp70eIoWP/HXqz4wpo8rD8gpsTw==",
      "dependencies": [
        "postcss@8.5.6"
      ]
    },
    "postcss-discard-empty@6.0.3_postcss@8.5.6": {
      "integrity": "sha512-znyno9cHKQsK6PtxL5D19Fj9uwSzC2mB74cpT66fhgOadEUPyXFkbgwm5tvc3bt3NAy8ltE5MrghxovZRVnOjQ==",
      "dependencies": [
        "postcss@8.5.6"
      ]
    },
    "postcss-discard-overridden@6.0.2_postcss@8.5.6": {
      "integrity": "sha512-j87xzI4LUggC5zND7KdjsI25APtyMuynXZSujByMaav2roV6OZX+8AaCUcZSWqckZpjAjRyFDdpqybgjFO0HJQ==",
      "dependencies": [
        "postcss@8.5.6"
      ]
    },
    "postcss-merge-longhand@6.0.5_postcss@8.5.6": {
      "integrity": "sha512-5LOiordeTfi64QhICp07nzzuTDjNSO8g5Ksdibt44d+uvIIAE1oZdRn8y/W5ZtYgRH/lnLDlvi9F8btZcVzu3w==",
      "dependencies": [
        "postcss@8.5.6",
        "postcss-value-parser",
        "stylehacks"
      ]
    },
    "postcss-merge-rules@6.1.1_postcss@8.5.6": {
      "integrity": "sha512-KOdWF0gju31AQPZiD+2Ar9Qjowz1LTChSjFFbS+e2sFgc4uHOp3ZvVX4sNeTlk0w2O31ecFGgrFzhO0RSWbWwQ==",
      "dependencies": [
        "browserslist",
        "caniuse-api",
        "cssnano-utils",
        "postcss@8.5.6",
        "postcss-selector-parser"
      ]
    },
    "postcss-minify-font-values@6.1.0_postcss@8.5.6": {
      "integrity": "sha512-gklfI/n+9rTh8nYaSJXlCo3nOKqMNkxuGpTn/Qm0gstL3ywTr9/WRKznE+oy6fvfolH6dF+QM4nCo8yPLdvGJg==",
      "dependencies": [
        "postcss@8.5.6",
        "postcss-value-parser"
      ]
    },
    "postcss-minify-gradients@6.0.3_postcss@8.5.6": {
      "integrity": "sha512-4KXAHrYlzF0Rr7uc4VrfwDJ2ajrtNEpNEuLxFgwkhFZ56/7gaE4Nr49nLsQDZyUe+ds+kEhf+YAUolJiYXF8+Q==",
      "dependencies": [
        "colord",
        "cssnano-utils",
        "postcss@8.5.6",
        "postcss-value-parser"
      ]
    },
    "postcss-minify-params@6.1.0_postcss@8.5.6": {
      "integrity": "sha512-bmSKnDtyyE8ujHQK0RQJDIKhQ20Jq1LYiez54WiaOoBtcSuflfK3Nm596LvbtlFcpipMjgClQGyGr7GAs+H1uA==",
      "dependencies": [
        "browserslist",
        "cssnano-utils",
        "postcss@8.5.6",
        "postcss-value-parser"
      ]
    },
    "postcss-minify-selectors@6.0.4_postcss@8.5.6": {
      "integrity": "sha512-L8dZSwNLgK7pjTto9PzWRoMbnLq5vsZSTu8+j1P/2GB8qdtGQfn+K1uSvFgYvgh83cbyxT5m43ZZhUMTJDSClQ==",
      "dependencies": [
        "postcss@8.5.6",
        "postcss-selector-parser"
      ]
    },
    "postcss-normalize-charset@6.0.2_postcss@8.5.6": {
      "integrity": "sha512-a8N9czmdnrjPHa3DeFlwqst5eaL5W8jYu3EBbTTkI5FHkfMhFZh1EGbku6jhHhIzTA6tquI2P42NtZ59M/H/kQ==",
      "dependencies": [
        "postcss@8.5.6"
      ]
    },
    "postcss-normalize-display-values@6.0.2_postcss@8.5.6": {
      "integrity": "sha512-8H04Mxsb82ON/aAkPeq8kcBbAtI5Q2a64X/mnRRfPXBq7XeogoQvReqxEfc0B4WPq1KimjezNC8flUtC3Qz6jg==",
      "dependencies": [
        "postcss@8.5.6",
        "postcss-value-parser"
      ]
    },
    "postcss-normalize-positions@6.0.2_postcss@8.5.6": {
      "integrity": "sha512-/JFzI441OAB9O7VnLA+RtSNZvQ0NCFZDOtp6QPFo1iIyawyXg0YI3CYM9HBy1WvwCRHnPep/BvI1+dGPKoXx/Q==",
      "dependencies": [
        "postcss@8.5.6",
        "postcss-value-parser"
      ]
    },
    "postcss-normalize-repeat-style@6.0.2_postcss@8.5.6": {
      "integrity": "sha512-YdCgsfHkJ2jEXwR4RR3Tm/iOxSfdRt7jplS6XRh9Js9PyCR/aka/FCb6TuHT2U8gQubbm/mPmF6L7FY9d79VwQ==",
      "dependencies": [
        "postcss@8.5.6",
        "postcss-value-parser"
      ]
    },
    "postcss-normalize-string@6.0.2_postcss@8.5.6": {
      "integrity": "sha512-vQZIivlxlfqqMp4L9PZsFE4YUkWniziKjQWUtsxUiVsSSPelQydwS8Wwcuw0+83ZjPWNTl02oxlIvXsmmG+CiQ==",
      "dependencies": [
        "postcss@8.5.6",
        "postcss-value-parser"
      ]
    },
    "postcss-normalize-timing-functions@6.0.2_postcss@8.5.6": {
      "integrity": "sha512-a+YrtMox4TBtId/AEwbA03VcJgtyW4dGBizPl7e88cTFULYsprgHWTbfyjSLyHeBcK/Q9JhXkt2ZXiwaVHoMzA==",
      "dependencies": [
        "postcss@8.5.6",
        "postcss-value-parser"
      ]
    },
    "postcss-normalize-unicode@6.1.0_postcss@8.5.6": {
      "integrity": "sha512-QVC5TQHsVj33otj8/JD869Ndr5Xcc/+fwRh4HAsFsAeygQQXm+0PySrKbr/8tkDKzW+EVT3QkqZMfFrGiossDg==",
      "dependencies": [
        "browserslist",
        "postcss@8.5.6",
        "postcss-value-parser"
      ]
    },
    "postcss-normalize-url@6.0.2_postcss@8.5.6": {
      "integrity": "sha512-kVNcWhCeKAzZ8B4pv/DnrU1wNh458zBNp8dh4y5hhxih5RZQ12QWMuQrDgPRw3LRl8mN9vOVfHl7uhvHYMoXsQ==",
      "dependencies": [
        "postcss@8.5.6",
        "postcss-value-parser"
      ]
    },
    "postcss-normalize-whitespace@6.0.2_postcss@8.5.6": {
      "integrity": "sha512-sXZ2Nj1icbJOKmdjXVT9pnyHQKiSAyuNQHSgRCUgThn2388Y9cGVDR+E9J9iAYbSbLHI+UUwLVl1Wzco/zgv0Q==",
      "dependencies": [
        "postcss@8.5.6",
        "postcss-value-parser"
      ]
    },
    "postcss-ordered-values@6.0.2_postcss@8.5.6": {
      "integrity": "sha512-VRZSOB+JU32RsEAQrO94QPkClGPKJEL/Z9PCBImXMhIeK5KAYo6slP/hBYlLgrCjFxyqvn5VC81tycFEDBLG1Q==",
      "dependencies": [
        "cssnano-utils",
        "postcss@8.5.6",
        "postcss-value-parser"
      ]
    },
    "postcss-reduce-initial@6.1.0_postcss@8.5.6": {
      "integrity": "sha512-RarLgBK/CrL1qZags04oKbVbrrVK2wcxhvta3GCxrZO4zveibqbRPmm2VI8sSgCXwoUHEliRSbOfpR0b/VIoiw==",
      "dependencies": [
        "browserslist",
        "caniuse-api",
        "postcss@8.5.6"
      ]
    },
    "postcss-reduce-transforms@6.0.2_postcss@8.5.6": {
      "integrity": "sha512-sB+Ya++3Xj1WaT9+5LOOdirAxP7dJZms3GRcYheSPi1PiTMigsxHAdkrbItHxwYHr4kt1zL7mmcHstgMYT+aiA==",
      "dependencies": [
        "postcss@8.5.6",
        "postcss-value-parser"
      ]
    },
    "postcss-selector-parser@6.1.2": {
      "integrity": "sha512-Q8qQfPiZ+THO/3ZrOrO0cJJKfpYCagtMUkXbnEfmgUjwXg6z/WBeOyS9APBBPCTSiDV+s4SwQGu8yFsiMRIudg==",
      "dependencies": [
        "cssesc",
        "util-deprecate"
      ]
    },
    "postcss-svgo@6.0.3_postcss@8.5.6": {
      "integrity": "sha512-dlrahRmxP22bX6iKEjOM+c8/1p+81asjKT+V5lrgOH944ryx/OHpclnIbGsKVd3uWOXFLYJwCVf0eEkJGvO96g==",
      "dependencies": [
        "postcss@8.5.6",
        "postcss-value-parser",
        "svgo"
      ]
    },
    "postcss-unique-selectors@6.0.4_postcss@8.5.6": {
      "integrity": "sha512-K38OCaIrO8+PzpArzkLKB42dSARtC2tmG6PvD4b1o1Q2E9Os8jzfWFfSy/rixsHwohtsDdFtAWGjFVFUdwYaMg==",
      "dependencies": [
        "postcss@8.5.6",
        "postcss-selector-parser"
      ]
    },
    "postcss-value-parser@4.2.0": {
      "integrity": "sha512-1NNCs6uurfkVbeXG4S8JFT9t19m45ICnif8zWLd5oPSZ50QnwMfK+H3jv408d4jw/7Bttv5axS5IiHoLaVNHeQ=="
    },
    "postcss@8.4.35": {
      "integrity": "sha512-u5U8qYpBCpN13BsiEB0CbR1Hhh4Gc0zLFuedrHJKMctHCHAGrMdG0PRM/KErzAL3CU6/eckEtmHNB3x6e3c0vA==",
      "dependencies": [
        "nanoid",
        "picocolors",
        "source-map-js"
      ]
    },
    "postcss@8.5.16": {
      "integrity": "sha512-vuwillviilfKZsg0VGj5R/YwwcHx4SLsIOI/7K6mQkWx+l5cUHTjj5g0AasTBcyXsbfTgrwsUNmVUb5xVwyPwg==",
      "dependencies": [
        "nanoid",
        "picocolors",
        "source-map-js"
      ]
    },
    "postcss@8.5.6": {
      "integrity": "sha512-3Ybi1tAuwAP9s0r1UQ2J4n5Y0G05bJkpUIO0/bI9MhwmD70S5aTWbXGBwxHrelT+XM1k6dM0pk+SwNkpTRN7Pg==",
      "dependencies": [
        "nanoid",
        "picocolors",
        "source-map-js"
      ]
    },
    "preact-render-to-string@6.7.0_preact@10.29.3": {
      "integrity": "sha512-Z4WR8fmLMRpdYqJ9i7vrlXSsSrxVJydwrkEXHapexfARbWfGb7vGcnvNQnIzN0cXciMVOlz/XLoiMCi9gUsy9Q==",
      "dependencies": [
        "preact"
      ]
    },
    "preact@10.29.3": {
      "integrity": "sha512-D9NL1GAnJZhc3RndVs4gDdxEeU9TcHgywMrhhOsnpdlvFjdbx0gAsLUnH6JEhlJH5giL7Tx5biWPUSEXE/HPzw=="
    },
    "source-map-js@1.2.1": {
      "integrity": "sha512-UXWMKhLOwVKb728IUtQPXxfYU+usdybtUrK/8uGE8CQMvrhOpwvzDBwj0QhSL7MQc7vIsISBG8VQ8+IDQxpfQA=="
    },
    "style-mod@4.1.3": {
      "integrity": "sha512-i/n8VsZydrugj3Iuzll8+x/00GH2vnYsk1eomD8QiRrSAeW6ItbCQDtfXCeJHd0iwiNagqjQkvpvREEPtW3IoQ=="
    },
    "stylehacks@6.1.1_postcss@8.5.6": {
      "integrity": "sha512-gSTTEQ670cJNoaeIp9KX6lZmm8LJ3jPB5yJmX8Zq/wQxOsAFXV3qjWzHas3YYk1qesuVIyYWWUpZ0vSE/dTSGg==",
      "dependencies": [
        "browserslist",
        "postcss@8.5.6",
        "postcss-selector-parser"
      ]
    },
    "svgo@3.3.2": {
      "integrity": "sha512-OoohrmuUlBs8B8o6MB2Aevn+pRIH9zDALSR+6hhqVfa6fRwG/Qw9VUMSMW9VNg2CFc/MTIfabtdOVl9ODIJjpw==",
      "dependencies": [
        "@trysound/sax",
        "commander",
        "css-select",
        "css-tree@2.3.1",
        "css-what",
        "csso",
        "picocolors"
      ],
      "bin": true
    },
    "tailwindcss@4.3.2": {
      "integrity": "sha512-WtctNNSH8A9jlMIqxzuYumOHU5uGZyRv0Q5svQl+oEPy5w84YpBxdb7MdqyiSPQge5jTJ6zFQLq0PFygdccSBA=="
    },
    "tapable@2.3.3": {
      "integrity": "sha512-uxc/zpqFg6x7C8vOE7lh6Lbda8eEL9zmVm/PLeTPBRhh1xCgdWaQ+J1CUieGpIfm2HdtsUpRv+HshiasBMcc6A=="
    },
    "update-browserslist-db@1.1.3_browserslist@4.24.5": {
      "integrity": "sha512-UxhIZQ+QInVdunkDAaiazvvT/+fXL5Osr0JZlJulepYu6Jd7qJtDZjlur0emRlT71EN3ScPoE7gvsuIKKNavKw==",
      "dependencies": [
        "browserslist",
        "escalade",
        "picocolors"
      ],
      "bin": true
    },
    "util-deprecate@1.0.2": {
      "integrity": "sha512-EPD5q1uXyFxJpCrLnCc1nHnq3gOa6DZBocAIiI2TaSCA7VCJ1UJDMagCzIkXNsUYfD1daK//LTEQ8xiIbrHtcw=="
    },
    "w3c-keyname@2.2.8": {
      "integrity": "sha512-dpojBhNsCNN7T82Tm7k26A6G9ML3NkhDsnw9n/eoxSRlVBB4CEtIQ/KTCLI2Fwf3ataSXRhYFkQi3SlnFwPvPQ=="
    }
  },
  "workspace": {
    "dependencies": [
      "jsr:@fresh/core@^2.3.3",
      "jsr:@fresh/plugin-tailwind@1",
      "npm:@codemirror/lang-python@^6.1.6",
      "npm:@codemirror/state@^6.4.1",
      "npm:@codemirror/theme-one-dark@^6.1.2",
      "npm:@preact/signals@^2.9.0",
      "npm:codemirror@^6.0.1",
      "npm:marked@^12.0.1",
      "npm:preact@^10.29.1",
      "npm:tailwindcss@4"
    ]
  }
}
